
Microsoft Visual Studio Solution File, Format Version 12.00
# Visual Studio Version 16
VisualStudioVersion = 16.0.30413.136
MinimumVisualStudioVersion = 10.0.40219.1
Project("{FAE04EC0-301F-11D3-BF4B-00C04F79EFBC}") = "Game2", "Game2\Game2.csproj", "{2C104882-C330-4D39-AFB4-CCD4DF4C3DD0}"
EndProject
Global
	GlobalSection(SolutionConfigurationPlatforms) = preSolution
		Debug|Any CPU = Debug|Any CPU
		Release|Any CPU = Release|Any CPU
	EndGlobalSection
	GlobalSection(ProjectConfigurationPlatforms) = postSolution
		{2C104882-C330-4D39-AFB4-CCD4DF4C3DD0}.Debug|Any CPU.ActiveCfg = Debug|Any CPU
		{2C104882-C330-4D39-AFB4-CCD4DF4C3DD0}.Debug|Any CPU.Build.0 = Debug|Any CPU
		{2C104882-C330-4D39-AFB4-CCD4DF4C3DD0}.Release|Any CPU.ActiveCfg = Release|Any CPU
		{2C104882-C330-4D39-AFB4-CCD4DF4C3DD0}.Release|Any CPU.Build.0 = Release|Any CPU
	EndGlobalSection
	GlobalSection(SolutionProperties) = preSolution
		HideSolutionNode = FALSE
	EndGlobalSection
	GlobalSection(ExtensibilityGlobals) = postSolution
		SolutionGuid = {0C4F0653-901D-427F-B430-EE3AC8C3C18F}
	EndGlobalSection
EndGlobal
